
Microsoft Visual Studio Solution File, Format Version 12.00
# Visual Studio Version 17
VisualStudioVersion = 17.9.34607.119
MinimumVisualStudioVersion = 10.0.40219.1
Project("{FAE04EC0-301F-11D3-BF4B-00C04F79EFBC}") = "BlazorAutoMediatR", "BlazorAutoMediatR\BlazorAutoMediatR\BlazorAutoMediatR.csproj", "{D0221568-3AE8-4744-A367-1C382BE57E6C}"
EndProject
Project("{FAE04EC0-301F-11D3-BF4B-00C04F79EFBC}") = "BlazorAutoMediatR.Client", "BlazorAutoMediatR\BlazorAutoMediatR.Client\BlazorAutoMediatR.Client.csproj", "{680DE6BA-E05C-4CF9-92CA-4CDD1ADEAF37}"
EndProject
Global
	GlobalSection(SolutionConfigurationPlatforms) = preSolution
		Debug|Any CPU = Debug|Any CPU
		Release|Any CPU = Release|Any CPU
	EndGlobalSection
	GlobalSection(ProjectConfigurationPlatforms) = postSolution
		{D0221568-3AE8-4744-A367-1C382BE57E6C}.Debug|Any CPU.ActiveCfg = Debug|Any CPU
		{D0221568-3AE8-4744-A367-1C382BE57E6C}.Debug|Any CPU.Build.0 = Debug|Any CPU
		{D0221568-3AE8-4744-A367-1C382BE57E6C}.Release|Any CPU.ActiveCfg = Release|Any CPU
		{D0221568-3AE8-4744-A367-1C382BE57E6C}.Release|Any CPU.Build.0 = Release|Any CPU
		{680DE6BA-E05C-4CF9-92CA-4CDD1ADEAF37}.Debug|Any CPU.ActiveCfg = Debug|Any CPU
		{680DE6BA-E05C-4CF9-92CA-4CDD1ADEAF37}.Debug|Any CPU.Build.0 = Debug|Any CPU
		{680DE6BA-E05C-4CF9-92CA-4CDD1ADEAF37}.Release|Any CPU.ActiveCfg = Release|Any CPU
		{680DE6BA-E05C-4CF9-92CA-4CDD1ADEAF37}.Release|Any CPU.Build.0 = Release|Any CPU
	EndGlobalSection
	GlobalSection(SolutionProperties) = preSolution
		HideSolutionNode = FALSE
	EndGlobalSection
	GlobalSection(ExtensibilityGlobals) = postSolution
		SolutionGuid = {142B121D-A237-434B-9EAD-E5E469F9DB24}
	EndGlobalSection
EndGlobal
